
Microsoft Visual Studio Solution File, Format Version 12.00
# Visual Studio Version 17
VisualStudioVersion = 17.13.35825.156 d17.13
MinimumVisualStudioVersion = 10.0.40219.1
Project("{FAE04EC0-301F-11D3-BF4B-00C04F79EFBC}") = "ConfigManagePrak2", "ConfigManagePrak2.csproj", "{0CF29000-2F3C-49E1-A9C9-F9DE8BDF30B2}"
EndProject
Global
	GlobalSection(SolutionConfigurationPlatforms) = preSolution
		Debug|Any CPU = Debug|Any CPU
		Release|Any CPU = Release|Any CPU
	EndGlobalSection
	GlobalSection(ProjectConfigurationPlatforms) = postSolution
		{0CF29000-2F3C-49E1-A9C9-F9DE8BDF30B2}.Debug|Any CPU.ActiveCfg = Debug|Any CPU
		{0CF29000-2F3C-49E1-A9C9-F9DE8BDF30B2}.Debug|Any CPU.Build.0 = Debug|Any CPU
		{0CF29000-2F3C-49E1-A9C9-F9DE8BDF30B2}.Release|Any CPU.ActiveCfg = Release|Any CPU
		{0CF29000-2F3C-49E1-A9C9-F9DE8BDF30B2}.Release|Any CPU.Build.0 = Release|Any CPU
	EndGlobalSection
	GlobalSection(SolutionProperties) = preSolution
		HideSolutionNode = FALSE
	EndGlobalSection
	GlobalSection(ExtensibilityGlobals) = postSolution
		SolutionGuid = {F31E21D9-EF7A-4AB5-9F1B-CB3F3757A122}
	EndGlobalSection
EndGlobal
